
Microsoft Visual Studio Solution File, Format Version 12.00
# Visual Studio Version 17
VisualStudioVersion = 17.13.35818.85
MinimumVisualStudioVersion = 10.0.40219.1
Project("{FAE04EC0-301F-11D3-BF4B-00C04F79EFBC}") = "AdonetCustomerProject1", "AdonetCustomerProject1\AdonetCustomerProject1.csproj", "{7CEED006-2716-4A49-86FA-3852A8E76209}"
EndProject
Project("{FAE04EC0-301F-11D3-BF4B-00C04F79EFBC}") = "EFDbFirstProduct2", "EFDbFirstProduct2\EFDbFirstProduct2.csproj", "{D15896A7-B725-4ABC-9307-2E3D876A19CF}"
EndProject
Project("{FAE04EC0-301F-11D3-BF4B-00C04F79EFBC}") = "EFStatistics3", "EFStatistics3\EFStatistics3.csproj", "{95A37740-66C4-4FD9-B7D5-08031DE74179}"
EndProject
Project("{FAE04EC0-301F-11D3-BF4B-00C04F79EFBC}") = "EFCodeFirstMovie4", "EFCodeFirstMovie4\EFCodeFirstMovie4.csproj", "{5807C5FB-8FA9-42AA-AEF8-8204CE079514}"
EndProject
Project("{FAE04EC0-301F-11D3-BF4B-00C04F79EFBC}") = "Project5_DapperNorthwind", "Project5_DapperNorthwind\Project5_DapperNorthwind.csproj", "{67EEDB11-1BED-48A5-83F2-2D1F744B8446}"
EndProject
Project("{FAE04EC0-301F-11D3-BF4B-00C04F79EFBC}") = "Project6_ApiWeather", "Project6_ApiWeather\Project6_ApiWeather.csproj", "{25656304-A557-43DA-8765-AD67AFCC2627}"
EndProject
Project("{FAE04EC0-301F-11D3-BF4B-00C04F79EFBC}") = "Project7_ApiWeatherConsume", "Project7_ApiWeatherConsume\Project7_ApiWeatherConsume.csproj", "{ADFC48A5-E6B5-4BE0-A354-ED509D6CE2AF}"
EndProject
Project("{FAE04EC0-301F-11D3-BF4B-00C04F79EFBC}") = "Project8_RapidApiCurrency", "Project8_RapidApiCurrency\Project8_RapidApiCurrency.csproj", "{794B2F6F-323E-4E67-B489-25323AC1D097}"
EndProject
Project("{FAE04EC0-301F-11D3-BF4B-00C04F79EFBC}") = "Project9_MongoDbOrder", "Project9_MongoDbOrder\Project9_MongoDbOrder.csproj", "{0D55C49C-4092-4F66-A8A6-D46A1CE9B378}"
EndProject
Project("{FAE04EC0-301F-11D3-BF4B-00C04F79EFBC}") = "Project10_PostgreSQLToDoListApp", "Project10_PostgreSQLToDoListApp\Project10_PostgreSQLToDoListApp.csproj", "{D41B9D83-5902-4932-AA6F-F40DB31CAC09}"
EndProject
Project("{FAE04EC0-301F-11D3-BF4B-00C04F79EFBC}") = "Project11_TriggerOrder", "Project11_TriggerOrder\Project11_TriggerOrder.csproj", "{C97F53FC-8D73-4993-9FC0-93D73DF4EBF6}"
EndProject
Project("{FAE04EC0-301F-11D3-BF4B-00C04F79EFBC}") = "Project12_JsonWebToken", "Project12_JsonWebToken\Project12_JsonWebToken.csproj", "{AED1E1C2-51B7-4541-93AD-200C6BD6070E}"
EndProject
Project("{FAE04EC0-301F-11D3-BF4B-00C04F79EFBC}") = "Project13_WeatherAppRapid", "Project13_WeatherAppRapid\Project13_WeatherAppRapid.csproj", "{9D168EA6-34FD-4F69-B129-1E48C3AA7257}"
EndProject
Project("{FAE04EC0-301F-11D3-BF4B-00C04F79EFBC}") = "Project14_SQLAllRelations", "Project14_SQLAllRelations\Project14_SQLAllRelations.csproj", "{C87CA59C-BE4F-4372-958B-7964CD00821B}"
EndProject
Project("{FAE04EC0-301F-11D3-BF4B-00C04F79EFBC}") = "Project15_GasPriceSimulation", "Project15_GasPriceSimulation\Project15_GasPriceSimulation.csproj", "{B7BAAF29-D86D-419A-A196-C11B6B1CEB35}"
EndProject
Global
	GlobalSection(SolutionConfigurationPlatforms) = preSolution
		Debug|Any CPU = Debug|Any CPU
		Release|Any CPU = Release|Any CPU
	EndGlobalSection
	GlobalSection(ProjectConfigurationPlatforms) = postSolution
		{7CEED006-2716-4A49-86FA-3852A8E76209}.Debug|Any CPU.ActiveCfg = Debug|Any CPU
		{7CEED006-2716-4A49-86FA-3852A8E76209}.Debug|Any CPU.Build.0 = Debug|Any CPU
		{7CEED006-2716-4A49-86FA-3852A8E76209}.Release|Any CPU.ActiveCfg = Release|Any CPU
		{7CEED006-2716-4A49-86FA-3852A8E76209}.Release|Any CPU.Build.0 = Release|Any CPU
		{D15896A7-B725-4ABC-9307-2E3D876A19CF}.Debug|Any CPU.ActiveCfg = Debug|Any CPU
		{D15896A7-B725-4ABC-9307-2E3D876A19CF}.Debug|Any CPU.Build.0 = Debug|Any CPU
		{D15896A7-B725-4ABC-9307-2E3D876A19CF}.Release|Any CPU.ActiveCfg = Release|Any CPU
		{D15896A7-B725-4ABC-9307-2E3D876A19CF}.Release|Any CPU.Build.0 = Release|Any CPU
		{95A37740-66C4-4FD9-B7D5-08031DE74179}.Debug|Any CPU.ActiveCfg = Debug|Any CPU
		{95A37740-66C4-4FD9-B7D5-08031DE74179}.Debug|Any CPU.Build.0 = Debug|Any CPU
		{95A37740-66C4-4FD9-B7D5-08031DE74179}.Release|Any CPU.ActiveCfg = Release|Any CPU
		{95A37740-66C4-4FD9-B7D5-08031DE74179}.Release|Any CPU.Build.0 = Release|Any CPU
		{5807C5FB-8FA9-42AA-AEF8-8204CE079514}.Debug|Any CPU.ActiveCfg = Debug|Any CPU
		{5807C5FB-8FA9-42AA-AEF8-8204CE079514}.Debug|Any CPU.Build.0 = Debug|Any CPU
		{5807C5FB-8FA9-42AA-AEF8-8204CE079514}.Release|Any CPU.ActiveCfg = Release|Any CPU
		{5807C5FB-8FA9-42AA-AEF8-8204CE079514}.Release|Any CPU.Build.0 = Release|Any CPU
		{67EEDB11-1BED-48A5-83F2-2D1F744B8446}.Debug|Any CPU.ActiveCfg = Debug|Any CPU
		{67EEDB11-1BED-48A5-83F2-2D1F744B8446}.Debug|Any CPU.Build.0 = Debug|Any CPU
		{67EEDB11-1BED-48A5-83F2-2D1F744B8446}.Release|Any CPU.ActiveCfg = Release|Any CPU
		{67EEDB11-1BED-48A5-83F2-2D1F744B8446}.Release|Any CPU.Build.0 = Release|Any CPU
		{25656304-A557-43DA-8765-AD67AFCC2627}.Debug|Any CPU.ActiveCfg = Debug|Any CPU
		{25656304-A557-43DA-8765-AD67AFCC2627}.Debug|Any CPU.Build.0 = Debug|Any CPU
		{25656304-A557-43DA-8765-AD67AFCC2627}.Release|Any CPU.ActiveCfg = Release|Any CPU
		{25656304-A557-43DA-8765-AD67AFCC2627}.Release|Any CPU.Build.0 = Release|Any CPU
		{ADFC48A5-E6B5-4BE0-A354-ED509D6CE2AF}.Debug|Any CPU.ActiveCfg = Debug|Any CPU
		{ADFC48A5-E6B5-4BE0-A354-ED509D6CE2AF}.Debug|Any CPU.Build.0 = Debug|Any CPU
		{ADFC48A5-E6B5-4BE0-A354-ED509D6CE2AF}.Release|Any CPU.ActiveCfg = Release|Any CPU
		{ADFC48A5-E6B5-4BE0-A354-ED509D6CE2AF}.Release|Any CPU.Build.0 = Release|Any CPU
		{794B2F6F-323E-4E67-B489-25323AC1D097}.Debug|Any CPU.ActiveCfg = Debug|Any CPU
		{794B2F6F-323E-4E67-B489-25323AC1D097}.Debug|Any CPU.Build.0 = Debug|Any CPU
		{794B2F6F-323E-4E67-B489-25323AC1D097}.Release|Any CPU.ActiveCfg = Release|Any CPU
		{794B2F6F-323E-4E67-B489-25323AC1D097}.Release|Any CPU.Build.0 = Release|Any CPU
		{0D55C49C-4092-4F66-A8A6-D46A1CE9B378}.Debug|Any CPU.ActiveCfg = Debug|Any CPU
		{0D55C49C-4092-4F66-A8A6-D46A1CE9B378}.Debug|Any CPU.Build.0 = Debug|Any CPU
		{0D55C49C-4092-4F66-A8A6-D46A1CE9B378}.Release|Any CPU.ActiveCfg = Release|Any CPU
		{0D55C49C-4092-4F66-A8A6-D46A1CE9B378}.Release|Any CPU.Build.0 = Release|Any CPU
		{D41B9D83-5902-4932-AA6F-F40DB31CAC09}.Debug|Any CPU.ActiveCfg = Debug|Any CPU
		{D41B9D83-5902-4932-AA6F-F40DB31CAC09}.Debug|Any CPU.Build.0 = Debug|Any CPU
		{D41B9D83-5902-4932-AA6F-F40DB31CAC09}.Release|Any CPU.ActiveCfg = Release|Any CPU
		{D41B9D83-5902-4932-AA6F-F40DB31CAC09}.Release|Any CPU.Build.0 = Release|Any CPU
		{C97F53FC-8D73-4993-9FC0-93D73DF4EBF6}.Debug|Any CPU.ActiveCfg = Debug|Any CPU
		{C97F53FC-8D73-4993-9FC0-93D73DF4EBF6}.Debug|Any CPU.Build.0 = Debug|Any CPU
		{C97F53FC-8D73-4993-9FC0-93D73DF4EBF6}.Release|Any CPU.ActiveCfg = Release|Any CPU
		{C97F53FC-8D73-4993-9FC0-93D73DF4EBF6}.Release|Any CPU.Build.0 = Release|Any CPU
		{AED1E1C2-51B7-4541-93AD-200C6BD6070E}.Debug|Any CPU.ActiveCfg = Debug|Any CPU
		{AED1E1C2-51B7-4541-93AD-200C6BD6070E}.Debug|Any CPU.Build.0 = Debug|Any CPU
		{AED1E1C2-51B7-4541-93AD-200C6BD6070E}.Release|Any CPU.ActiveCfg = Release|Any CPU
		{AED1E1C2-51B7-4541-93AD-200C6BD6070E}.Release|Any CPU.Build.0 = Release|Any CPU
		{9D168EA6-34FD-4F69-B129-1E48C3AA7257}.Debug|Any CPU.ActiveCfg = Debug|Any CPU
		{9D168EA6-34FD-4F69-B129-1E48C3AA7257}.Debug|Any CPU.Build.0 = Debug|Any CPU
		{9D168EA6-34FD-4F69-B129-1E48C3AA7257}.Release|Any CPU.ActiveCfg = Release|Any CPU
		{9D168EA6-34FD-4F69-B129-1E48C3AA7257}.Release|Any CPU.Build.0 = Release|Any CPU
		{C87CA59C-BE4F-4372-958B-7964CD00821B}.Debug|Any CPU.ActiveCfg = Debug|Any CPU
		{C87CA59C-BE4F-4372-958B-7964CD00821B}.Debug|Any CPU.Build.0 = Debug|Any CPU
		{C87CA59C-BE4F-4372-958B-7964CD00821B}.Release|Any CPU.ActiveCfg = Release|Any CPU
		{C87CA59C-BE4F-4372-958B-7964CD00821B}.Release|Any CPU.Build.0 = Release|Any CPU
		{B7BAAF29-D86D-419A-A196-C11B6B1CEB35}.Debug|Any CPU.ActiveCfg = Debug|Any CPU
		{B7BAAF29-D86D-419A-A196-C11B6B1CEB35}.Debug|Any CPU.Build.0 = Debug|Any CPU
		{B7BAAF29-D86D-419A-A196-C11B6B1CEB35}.Release|Any CPU.ActiveCfg = Release|Any CPU
		{B7BAAF29-D86D-419A-A196-C11B6B1CEB35}.Release|Any CPU.Build.0 = Release|Any CPU
	EndGlobalSection
	GlobalSection(SolutionProperties) = preSolution
		HideSolutionNode = FALSE
	EndGlobalSection
	GlobalSection(ExtensibilityGlobals) = postSolution
		SolutionGuid = {EE8245BF-08AC-4F41-A5C9-5D42CE9C9570}
	EndGlobalSection
EndGlobal
